
Microsoft Visual Studio Solution File, Format Version 12.00
# Visual Studio Version 17
VisualStudioVersion = 17.5.002.0
MinimumVisualStudioVersion = 10.0.40219.1
Project("{9A19103F-16F7-4668-BE54-9A1E7A4F7556}") = "Abstract_Kavrami", "Abstract_Kavrami.csproj", "{729DC9FF-C348-496B-A83A-3C464E789117}"
EndProject
Global
	GlobalSection(SolutionConfigurationPlatforms) = preSolution
		Debug|Any CPU = Debug|Any CPU
		Release|Any CPU = Release|Any CPU
	EndGlobalSection
	GlobalSection(ProjectConfigurationPlatforms) = postSolution
		{729DC9FF-C348-496B-A83A-3C464E789117}.Debug|Any CPU.ActiveCfg = Debug|Any CPU
		{729DC9FF-C348-496B-A83A-3C464E789117}.Debug|Any CPU.Build.0 = Debug|Any CPU
		{729DC9FF-C348-496B-A83A-3C464E789117}.Release|Any CPU.ActiveCfg = Release|Any CPU
		{729DC9FF-C348-496B-A83A-3C464E789117}.Release|Any CPU.Build.0 = Release|Any CPU
	EndGlobalSection
	GlobalSection(SolutionProperties) = preSolution
		HideSolutionNode = FALSE
	EndGlobalSection
	GlobalSection(ExtensibilityGlobals) = postSolution
		SolutionGuid = {8485326A-8556-48A8-B750-23810F8AFDDA}
	EndGlobalSection
EndGlobal
